
Microsoft Visual Studio Solution File, Format Version 12.00
# Visual Studio Version 16
VisualStudioVersion = 16.0.30621.155
MinimumVisualStudioVersion = 10.0.40219.1
Project("{FAE04EC0-301F-11D3-BF4B-00C04F79EFBC}") = "Api", "Api\Api.csproj", "{1A36E3B3-9CA3-4058-BF8B-119FA7208732}"
EndProject
Global
	GlobalSection(SolutionConfigurationPlatforms) = preSolution
		Debug|Any CPU = Debug|Any CPU
		Release|Any CPU = Release|Any CPU
	EndGlobalSection
	GlobalSection(ProjectConfigurationPlatforms) = postSolution
		{1A36E3B3-9CA3-4058-BF8B-119FA7208732}.Debug|Any CPU.ActiveCfg = Debug|Any CPU
		{1A36E3B3-9CA3-4058-BF8B-119FA7208732}.Debug|Any CPU.Build.0 = Debug|Any CPU
		{1A36E3B3-9CA3-4058-BF8B-119FA7208732}.Release|Any CPU.ActiveCfg = Release|Any CPU
		{1A36E3B3-9CA3-4058-BF8B-119FA7208732}.Release|Any CPU.Build.0 = Release|Any CPU
	EndGlobalSection
	GlobalSection(SolutionProperties) = preSolution
		HideSolutionNode = FALSE
	EndGlobalSection
	GlobalSection(ExtensibilityGlobals) = postSolution
		SolutionGuid = {06111FD8-AB24-49D7-A045-31CF8A0BD659}
	EndGlobalSection
EndGlobal
